
Microsoft Visual Studio Solution File, Format Version 12.00
# Visual Studio Version 16
VisualStudioVersion = 16.0.30225.117
MinimumVisualStudioVersion = 10.0.40219.1
Project("{FAE04EC0-301F-11D3-BF4B-00C04F79EFBC}") = "1.2.05.01_Saver", "1.2.05.01_Saver.csproj", "{2946F9C9-9155-4A2F-8A4B-B52D6EB9D097}"
EndProject
Global
	GlobalSection(SolutionConfigurationPlatforms) = preSolution
		Debug|Any CPU = Debug|Any CPU
		Release|Any CPU = Release|Any CPU
	EndGlobalSection
	GlobalSection(ProjectConfigurationPlatforms) = postSolution
		{2946F9C9-9155-4A2F-8A4B-B52D6EB9D097}.Debug|Any CPU.ActiveCfg = Debug|Any CPU
		{2946F9C9-9155-4A2F-8A4B-B52D6EB9D097}.Debug|Any CPU.Build.0 = Debug|Any CPU
		{2946F9C9-9155-4A2F-8A4B-B52D6EB9D097}.Release|Any CPU.ActiveCfg = Release|Any CPU
		{2946F9C9-9155-4A2F-8A4B-B52D6EB9D097}.Release|Any CPU.Build.0 = Release|Any CPU
	EndGlobalSection
	GlobalSection(SolutionProperties) = preSolution
		HideSolutionNode = FALSE
	EndGlobalSection
	GlobalSection(ExtensibilityGlobals) = postSolution
		SolutionGuid = {3F6E290B-1F4B-41BE-8B83-4BB6555651A4}
	EndGlobalSection
EndGlobal
